Microsoft Visual Studio Solution File, Format Version 12.00
# Visual Studio Version 17
VisualStudioVersion = 17.13.35825.156
MinimumVisualStudioVersion = 10.0.40219.1
Project("{FAE04EC0-301F-11D3-BF4B-00C04F79EFBC}") = "DocumentViewer.JSInterop", "DocumentViewer.JSInterop\DocumentViewer.JSInterop.csproj", "{B70B2513-4C91-70B6-2579-6BE5D9B7E070}"
EndProject
Project("{FAE04EC0-301F-11D3-BF4B-00C04F79EFBC}") = "DynamicWebTWAIN.RESTClient", "DynamicWebTWAIN.RESTClient\DynamicWebTWAIN.RESTClient.csproj", "{91891264-EF5B-64CB-FBFA-A9C71BA0A83F}"
EndProject
Project("{FAE04EC0-301F-11D3-BF4B-00C04F79EFBC}") = "DynamicWebTWAIN.Service", "DynamicWebTWAIN.Service\DynamicWebTWAIN.Service.csproj", "{621D0408-420F-BF9D-0B11-2315AF910E6A}"
EndProject
Project("{FAE04EC0-301F-11D3-BF4B-00C04F79EFBC}") = "DynamicWebTWAIN.ServiceFinder", "DynamicWebTWAIN.ServiceFinder\DynamicWebTWAIN.ServiceFinder.csproj", "{DADFCEE8-33B6-7A5F-C9A1-28EF35A7FB75}"
EndProject
Project("{2150E333-8FDC-42A3-9474-1A3956D46DE8}") = "Samples", "Samples", "{02EA681E-C7D8-13C7-8484-4AC65E1B71E8}"
EndProject
Project("{2150E333-8FDC-42A3-9474-1A3956D46DE8}") = "WithDocumentViewer", "WithDocumentViewer", "{8C34141E-9B1F-4363-9E7D-0AA52A539D22}"
EndProject
Project("{FAE04EC0-301F-11D3-BF4B-00C04F79EFBC}") = "MAUIDemo", "Samples\WithDocumentViewer\MAUIDemo\MAUIDemo.csproj", "{D025FB33-ECBB-0CAD-5403-9905FEA10D36}"
EndProject
Project("{FAE04EC0-301F-11D3-BF4B-00C04F79EFBC}") = "MauiHybridWebViewApp", "Samples\WithDocumentViewer\MauiHybridApp\MauiHybridWebViewApp.csproj", "{0C50D5ED-1F69-09A1-C049-BB54178D5300}"
EndProject
Project("{FAE04EC0-301F-11D3-BF4B-00C04F79EFBC}") = "WinFormsWebViewApp", "Samples\WithDocumentViewer\WinFormsApp\WinFormsWebViewApp.csproj", "{AC8B0AEF-EBB0-0408-FFAE-A9CC7C53C60D}"
EndProject
Project("{FAE04EC0-301F-11D3-BF4B-00C04F79EFBC}") = "WpfDemo", "Samples\WithDocumentViewer\WpfDemo\WpfDemo.csproj", "{7C099BF7-2298-9201-838B-1D1B2CFFCB7D}"
EndProject
Project("{FAE04EC0-301F-11D3-BF4B-00C04F79EFBC}") = "WpfWebViewApp", "Samples\WithDocumentViewer\WpfWebviewApp\WpfWebViewApp.csproj", "{83E6D8AB-9DE7-444E-B9A9-72499777DDCC}"
EndProject
Project("{2150E333-8FDC-42A3-9474-1A3956D46DE8}") = "WithoutDocumentViewer", "WithoutDocumentViewer", "{F7E49357-DA63-4960-86E5-0A061548123D}"
EndProject
Project("{FAE04EC0-301F-11D3-BF4B-00C04F79EFBC}") = "WpfApp", "Samples\WithoutDocumentViewer\WpfApp\WpfApp.csproj", "{A1856D88-2B07-B8D5-D2EF-7241A1B0E862}"
EndProject
Project("{FAE04EC0-301F-11D3-BF4B-00C04F79EFBC}") = "WpfDemo", "Samples\WithoutDocumentViewer\WpfDemo11\WpfDemo.csproj", "{9ABF48EE-87AC-EA2D-AE78-733A97F28E1E}"
EndProject
Global
	GlobalSection(SolutionConfigurationPlatforms) = preSolution
		Debug|Any CPU = Debug|Any CPU
		Release|Any CPU = Release|Any CPU
	EndGlobalSection
	GlobalSection(ProjectConfigurationPlatforms) = postSolution
		{B70B2513-4C91-70B6-2579-6BE5D9B7E070}.Debug|Any CPU.ActiveCfg = Debug|Any CPU
		{B70B2513-4C91-70B6-2579-6BE5D9B7E070}.Debug|Any CPU.Build.0 = Debug|Any CPU
		{B70B2513-4C91-70B6-2579-6BE5D9B7E070}.Release|Any CPU.ActiveCfg = Release|Any CPU
		{B70B2513-4C91-70B6-2579-6BE5D9B7E070}.Release|Any CPU.Build.0 = Release|Any CPU
		{91891264-EF5B-64CB-FBFA-A9C71BA0A83F}.Debug|Any CPU.ActiveCfg = Debug|Any CPU
		{91891264-EF5B-64CB-FBFA-A9C71BA0A83F}.Debug|Any CPU.Build.0 = Debug|Any CPU
		{91891264-EF5B-64CB-FBFA-A9C71BA0A83F}.Release|Any CPU.ActiveCfg = Release|Any CPU
		{91891264-EF5B-64CB-FBFA-A9C71BA0A83F}.Release|Any CPU.Build.0 = Release|Any CPU
		{621D0408-420F-BF9D-0B11-2315AF910E6A}.Debug|Any CPU.ActiveCfg = Debug|Any CPU
		{621D0408-420F-BF9D-0B11-2315AF910E6A}.Debug|Any CPU.Build.0 = Debug|Any CPU
		{621D0408-420F-BF9D-0B11-2315AF910E6A}.Release|Any CPU.ActiveCfg = Release|Any CPU
		{621D0408-420F-BF9D-0B11-2315AF910E6A}.Release|Any CPU.Build.0 = Release|Any CPU
		{DADFCEE8-33B6-7A5F-C9A1-28EF35A7FB75}.Debug|Any CPU.ActiveCfg = Debug|Any CPU
		{DADFCEE8-33B6-7A5F-C9A1-28EF35A7FB75}.Debug|Any CPU.Build.0 = Debug|Any CPU
		{DADFCEE8-33B6-7A5F-C9A1-28EF35A7FB75}.Release|Any CPU.ActiveCfg = Release|Any CPU
		{DADFCEE8-33B6-7A5F-C9A1-28EF35A7FB75}.Release|Any CPU.Build.0 = Release|Any CPU
		{D025FB33-ECBB-0CAD-5403-9905FEA10D36}.Debug|Any CPU.ActiveCfg = Debug|Any CPU
		{D025FB33-ECBB-0CAD-5403-9905FEA10D36}.Debug|Any CPU.Build.0 = Debug|Any CPU
		{D025FB33-ECBB-0CAD-5403-9905FEA10D36}.Release|Any CPU.ActiveCfg = Release|Any CPU
		{D025FB33-ECBB-0CAD-5403-9905FEA10D36}.Release|Any CPU.Build.0 = Release|Any CPU
		{0C50D5ED-1F69-09A1-C049-BB54178D5300}.Debug|Any CPU.ActiveCfg = Debug|Any CPU
		{0C50D5ED-1F69-09A1-C049-BB54178D5300}.Debug|Any CPU.Build.0 = Debug|Any CPU
		{0C50D5ED-1F69-09A1-C049-BB54178D5300}.Release|Any CPU.ActiveCfg = Release|Any CPU
		{0C50D5ED-1F69-09A1-C049-BB54178D5300}.Release|Any CPU.Build.0 = Release|Any CPU
		{AC8B0AEF-EBB0-0408-FFAE-A9CC7C53C60D}.Debug|Any CPU.ActiveCfg = Debug|Any CPU
		{AC8B0AEF-EBB0-0408-FFAE-A9CC7C53C60D}.Debug|Any CPU.Build.0 = Debug|Any CPU
		{AC8B0AEF-EBB0-0408-FFAE-A9CC7C53C60D}.Release|Any CPU.ActiveCfg = Release|Any CPU
		{AC8B0AEF-EBB0-0408-FFAE-A9CC7C53C60D}.Release|Any CPU.Build.0 = Release|Any CPU
		{7C099BF7-2298-9201-838B-1D1B2CFFCB7D}.Debug|Any CPU.ActiveCfg = Debug|Any CPU
		{7C099BF7-2298-9201-838B-1D1B2CFFCB7D}.Debug|Any CPU.Build.0 = Debug|Any CPU
		{7C099BF7-2298-9201-838B-1D1B2CFFCB7D}.Release|Any CPU.ActiveCfg = Release|Any CPU
		{7C099BF7-2298-9201-838B-1D1B2CFFCB7D}.Release|Any CPU.Build.0 = Release|Any CPU
		{83E6D8AB-9DE7-444E-B9A9-72499777DDCC}.Debug|Any CPU.ActiveCfg = Debug|Any CPU
		{83E6D8AB-9DE7-444E-B9A9-72499777DDCC}.Debug|Any CPU.Build.0 = Debug|Any CPU
		{83E6D8AB-9DE7-444E-B9A9-72499777DDCC}.Release|Any CPU.ActiveCfg = Release|Any CPU
		{83E6D8AB-9DE7-444E-B9A9-72499777DDCC}.Release|Any CPU.Build.0 = Release|Any CPU
		{A1856D88-2B07-B8D5-D2EF-7241A1B0E862}.Debug|Any CPU.ActiveCfg = Debug|Any CPU
		{A1856D88-2B07-B8D5-D2EF-7241A1B0E862}.Debug|Any CPU.Build.0 = Debug|Any CPU
		{A1856D88-2B07-B8D5-D2EF-7241A1B0E862}.Release|Any CPU.ActiveCfg = Release|Any CPU
		{A1856D88-2B07-B8D5-D2EF-7241A1B0E862}.Release|Any CPU.Build.0 = Release|Any CPU
		{9ABF48EE-87AC-EA2D-AE78-733A97F28E1E}.Debug|Any CPU.ActiveCfg = Debug|Any CPU
		{9ABF48EE-87AC-EA2D-AE78-733A97F28E1E}.Debug|Any CPU.Build.0 = Debug|Any CPU
		{9ABF48EE-87AC-EA2D-AE78-733A97F28E1E}.Release|Any CPU.ActiveCfg = Release|Any CPU
		{9ABF48EE-87AC-EA2D-AE78-733A97F28E1E}.Release|Any CPU.Build.0 = Release|Any CPU
	EndGlobalSection
	GlobalSection(SolutionProperties) = preSolution
		HideSolutionNode = FALSE
	EndGlobalSection
	GlobalSection(NestedProjects) = preSolution
		{8C34141E-9B1F-4363-9E7D-0AA52A539D22} = {02EA681E-C7D8-13C7-8484-4AC65E1B71E8}
		{D025FB33-ECBB-0CAD-5403-9905FEA10D36} = {8C34141E-9B1F-4363-9E7D-0AA52A539D22}
		{0C50D5ED-1F69-09A1-C049-BB54178D5300} = {8C34141E-9B1F-4363-9E7D-0AA52A539D22}
		{AC8B0AEF-EBB0-0408-FFAE-A9CC7C53C60D} = {8C34141E-9B1F-4363-9E7D-0AA52A539D22}
		{7C099BF7-2298-9201-838B-1D1B2CFFCB7D} = {8C34141E-9B1F-4363-9E7D-0AA52A539D22}
		{83E6D8AB-9DE7-444E-B9A9-72499777DDCC} = {8C34141E-9B1F-4363-9E7D-0AA52A539D22}
		{F7E49357-DA63-4960-86E5-0A061548123D} = {02EA681E-C7D8-13C7-8484-4AC65E1B71E8}
		{A1856D88-2B07-B8D5-D2EF-7241A1B0E862} = {F7E49357-DA63-4960-86E5-0A061548123D}
		{9ABF48EE-87AC-EA2D-AE78-733A97F28E1E} = {F7E49357-DA63-4960-86E5-0A061548123D}
	EndGlobalSection
	GlobalSection(ExtensibilityGlobals) = postSolution
		SolutionGuid = {E05B9DBC-03B5-4FD0-A7FE-B0F6B1ED65B3}
	EndGlobalSection
EndGlobal
